
Microsoft Visual Studio Solution File, Format Version 12.00
# Visual Studio 15
VisualStudioVersion = 15.0.28307.960
MinimumVisualStudioVersion = 10.0.40219.1
Project("{FAE04EC0-301F-11D3-BF4B-00C04F79EFBC}") = "WindowsFormsApp8", "WindowsFormsApp8\WindowsFormsApp8.csproj", "{56B2F931-7840-452E-A152-A9E173EB7279}"
EndProject
Global
	GlobalSection(SolutionConfigurationPlatforms) = preSolution
		Debug|Any CPU = Debug|Any CPU
		Release|Any CPU = Release|Any CPU
	EndGlobalSection
	GlobalSection(ProjectConfigurationPlatforms) = postSolution
		{56B2F931-7840-452E-A152-A9E173EB7279}.Debug|Any CPU.ActiveCfg = Debug|Any CPU
		{56B2F931-7840-452E-A152-A9E173EB7279}.Debug|Any CPU.Build.0 = Debug|Any CPU
		{56B2F931-7840-452E-A152-A9E173EB7279}.Release|Any CPU.ActiveCfg = Release|Any CPU
		{56B2F931-7840-452E-A152-A9E173EB7279}.Release|Any CPU.Build.0 = Release|Any CPU
	EndGlobalSection
	GlobalSection(SolutionProperties) = preSolution
		HideSolutionNode = FALSE
	EndGlobalSection
	GlobalSection(ExtensibilityGlobals) = postSolution
		SolutionGuid = {CC8AC90D-9005-4FF4-B57B-6ACF56493F8B}
	EndGlobalSection
EndGlobal
